{
  "requires": true,
  "lockfileVersion": 1,
  "dependencies": {
    "angular-material": {
      "version": "1.1.12",
      "resolved": "https://registry.npmjs.org/angular-material/-/angular-material-1.1.12.tgz",
      "integrity": "sha512-hvYgVSAxmXy+ozm+FcdGrTrBKm/TLubCgJ8xZR3LNYYmLfsIfzh4Eyk87inmTCXS02KYL0EX2dUeiVmanHlIaQ=="
    }
  }
}
